
Microsoft Visual Studio Solution File, Format Version 12.00
# Visual Studio Version 17
VisualStudioVersion = 17.0.31903.59
MinimumVisualStudioVersion = 10.0.40219.1
Project("{FAE04EC0-301F-11D3-BF4B-00C04F79EFBC}") = "SoccerTeam", "SoccerTeam.csproj", "{9A055FBD-7220-440B-A259-BCF25B930877}"
EndProject
Global
	GlobalSection(SolutionConfigurationPlatforms) = preSolution
		Debug|Any CPU = Debug|Any CPU
		Release|Any CPU = Release|Any CPU
	EndGlobalSection
	GlobalSection(ProjectConfigurationPlatforms) = postSolution
		{9A055FBD-7220-440B-A259-BCF25B930877}.Debug|Any CPU.ActiveCfg = Debug|Any CPU
		{9A055FBD-7220-440B-A259-BCF25B930877}.Debug|Any CPU.Build.0 = Debug|Any CPU
		{9A055FBD-7220-440B-A259-BCF25B930877}.Release|Any CPU.ActiveCfg = Release|Any CPU
		{9A055FBD-7220-440B-A259-BCF25B930877}.Release|Any CPU.Build.0 = Release|Any CPU
	EndGlobalSection
	GlobalSection(SolutionProperties) = preSolution
		HideSolutionNode = FALSE
	EndGlobalSection
	GlobalSection(ExtensibilityGlobals) = postSolution
		SolutionGuid = {A840C4EE-85CF-4C09-9B77-AB41C272145E}
	EndGlobalSection
EndGlobal
